
Microsoft Visual Studio Solution File, Format Version 12.00
# Visual Studio 15
VisualStudioVersion = 15.0.26730.12
MinimumVisualStudioVersion = 10.0.40219.1
Project("{FAE04EC0-301F-11D3-BF4B-00C04F79EFBC}") = "Sokoban", "Sokoban\Sokoban.csproj", "{C88BDC0C-A4CA-4821-B54D-4C50084704C5}"
EndProject
Global
	GlobalSection(SolutionConfigurationPlatforms) = preSolution
		Debug|Any CPU = Debug|Any CPU
		Release|Any CPU = Release|Any CPU
	EndGlobalSection
	GlobalSection(ProjectConfigurationPlatforms) = postSolution
		{C88BDC0C-A4CA-4821-B54D-4C50084704C5}.Debug|Any CPU.ActiveCfg = Debug|Any CPU
		{C88BDC0C-A4CA-4821-B54D-4C50084704C5}.Debug|Any CPU.Build.0 = Debug|Any CPU
		{C88BDC0C-A4CA-4821-B54D-4C50084704C5}.Release|Any CPU.ActiveCfg = Release|Any CPU
		{C88BDC0C-A4CA-4821-B54D-4C50084704C5}.Release|Any CPU.Build.0 = Release|Any CPU
	EndGlobalSection
	GlobalSection(SolutionProperties) = preSolution
		HideSolutionNode = FALSE
	EndGlobalSection
	GlobalSection(ExtensibilityGlobals) = postSolution
		SolutionGuid = {CFACE2F9-FCC3-4BE4-AD67-B420DA322831}
	EndGlobalSection
EndGlobal
